<?xml version="1.0" encoding="utf-8"?>
<Project ToolsVersion="4.0" xmlns="http://schemas.microsoft.com/developer/msbuild/2003">
  <ItemGroup>
    <Filter Include="src">
      <UniqueIdentifier>{e7f45b25-80fb-4310-8a7c-e4554e631d32}</UniqueIdentifier>
    </Filter>
  </ItemGroup>
  <ItemGroup>
    <ClInclude Include="..\src\Policy.h">
      <Filter>src</Filter>
    </ClInclude>
    <ClInclude Include="..\src\Server.h">
      <Filter>src</Filter>
    </ClInclude>
    <ClInclude Include="..\src\Client.h">
      <Filter>src</Filter>
    </ClInclude>
    <ClInclude Include="..\src\Util.h">
      <Filter>src</Filter>
    </ClInclude>
    <ClInclude Include="..\src\Arith.h">
      <Filter>src</Filter>
    </ClInclude>
    <ClInclude Include="..\include\netcode.h" />
  </ItemGroup>
  <ItemGroup>
    <ClCompile Include="..\src\Policy.cpp">
      <Filter>src</Filter>
    </ClCompile>
    <ClCompile Include="..\src\Server.cpp">
      <Filter>src</Filter>
    </ClCompile>
    <ClCompile Include="..\src\Client.cpp">
      <Filter>src</Filter>
    </ClCompile>
    <ClCompile Include="..\src\Util.cpp">
      <Filter>src</Filter>
    </ClCompile>
    <ClCompile Include="..\src\Arith.cpp">
      <Filter>src</Filter>
    </ClCompile>
    <ClCompile Include="..\src\NetCode.cpp">
      <Filter>src</Filter>
    </ClCompile>
  </ItemGroup>
</Project>